
Microsoft Visual Studio Solution File, Format Version 10.00
# Visual Studio 2008
Project("{FAE04EC0-301F-11D3-BF4B-00C04F79EFBC}") = "ClearWC", "ClearWC.csproj", "{6AAD876A-597B-4F12-A940-1A71BE0CB910}"
EndProject
Global
	GlobalSection(SolutionConfigurationPlatforms) = preSolution
		Debug|Any CPU = Debug|Any CPU
		Release|Any CPU = Release|Any CPU
	EndGlobalSection
	GlobalSection(ProjectConfigurationPlatforms) = postSolution
		{6AAD876A-597B-4F12-A940-1A71BE0CB910}.Debug|Any CPU.ActiveCfg = Debug|Any CPU
		{6AAD876A-597B-4F12-A940-1A71BE0CB910}.Debug|Any CPU.Build.0 = Debug|Any CPU
		{6AAD876A-597B-4F12-A940-1A71BE0CB910}.Release|Any CPU.ActiveCfg = Release|Any CPU
		{6AAD876A-597B-4F12-A940-1A71BE0CB910}.Release|Any CPU.Build.0 = Release|Any CPU
	EndGlobalSection
	GlobalSection(SolutionProperties) = preSolution
		HideSolutionNode = FALSE
	EndGlobalSection
EndGlobal
