
Microsoft Visual Studio Solution File, Format Version 10.00
# Visual Studio 2008
Project("{FAE04EC0-301F-11D3-BF4B-00C04F79EFBC}") = "Peak.TreeGrid.Tests", "Peak.TreeGrid.Tests\Peak.TreeGrid.Tests.csproj", "{A150C6E7-FF87-4EC3-AE1E-D84ED4232F51}"
EndProject
Project("{FAE04EC0-301F-11D3-BF4B-00C04F79EFBC}") = "Peak.TreeGrid", "Peak.TreeGrid\Peak.TreeGrid.csproj", "{10A4DAFD-932A-444E-AC69-04EE7F7FEF3D}"
EndProject
Global
	GlobalSection(SolutionConfigurationPlatforms) = preSolution
		Debug|Any CPU = Debug|Any CPU
		Release|Any CPU = Release|Any CPU
	EndGlobalSection
	GlobalSection(ProjectConfigurationPlatforms) = postSolution
		{A150C6E7-FF87-4EC3-AE1E-D84ED4232F51}.Debug|Any CPU.ActiveCfg = Debug|Any CPU
		{A150C6E7-FF87-4EC3-AE1E-D84ED4232F51}.Debug|Any CPU.Build.0 = Debug|Any CPU
		{A150C6E7-FF87-4EC3-AE1E-D84ED4232F51}.Release|Any CPU.ActiveCfg = Release|Any CPU
		{A150C6E7-FF87-4EC3-AE1E-D84ED4232F51}.Release|Any CPU.Build.0 = Release|Any CPU
		{10A4DAFD-932A-444E-AC69-04EE7F7FEF3D}.Debug|Any CPU.ActiveCfg = Debug|Any CPU
		{10A4DAFD-932A-444E-AC69-04EE7F7FEF3D}.Debug|Any CPU.Build.0 = Debug|Any CPU
		{10A4DAFD-932A-444E-AC69-04EE7F7FEF3D}.Release|Any CPU.ActiveCfg = Release|Any CPU
		{10A4DAFD-932A-444E-AC69-04EE7F7FEF3D}.Release|Any CPU.Build.0 = Release|Any CPU
	EndGlobalSection
	GlobalSection(SolutionProperties) = preSolution
		HideSolutionNode = FALSE
	EndGlobalSection
	GlobalSection(ExtensibilityGlobals) = postSolution
		VisualSVNWorkingCopyRoot = 
	EndGlobalSection
EndGlobal
